
Microsoft Visual Studio Solution File, Format Version 12.00
Project("{FAE04EC0-301F-11D3-BF4B-00C04F79EFBC}") = "wyklad_assembly", "wyklad_assembly\wyklad_assembly.csproj", "{A54A66AD-7998-4880-932B-E2EECE918F7C}"
EndProject
Global
	GlobalSection(SolutionConfigurationPlatforms) = preSolution
		Debug|Any CPU = Debug|Any CPU
		Release|Any CPU = Release|Any CPU
	EndGlobalSection
	GlobalSection(ProjectConfigurationPlatforms) = postSolution
		{A54A66AD-7998-4880-932B-E2EECE918F7C}.Debug|Any CPU.ActiveCfg = Debug|Any CPU
		{A54A66AD-7998-4880-932B-E2EECE918F7C}.Debug|Any CPU.Build.0 = Debug|Any CPU
		{A54A66AD-7998-4880-932B-E2EECE918F7C}.Release|Any CPU.ActiveCfg = Release|Any CPU
		{A54A66AD-7998-4880-932B-E2EECE918F7C}.Release|Any CPU.Build.0 = Release|Any CPU
	EndGlobalSection
EndGlobal
