
Microsoft Visual Studio Solution File, Format Version 12.00
Project("{FAE04EC0-301F-11D3-BF4B-00C04F79EFBC}") = "Download_file_system_tracker", "Download_file_system_tracker\Download_file_system_tracker.csproj", "{403F9B0A-B7C6-4942-8BC4-6ED566801647}"
EndProject
Global
	GlobalSection(SolutionConfigurationPlatforms) = preSolution
		Debug|Any CPU = Debug|Any CPU
		Release|Any CPU = Release|Any CPU
	EndGlobalSection
	GlobalSection(ProjectConfigurationPlatforms) = postSolution
		{403F9B0A-B7C6-4942-8BC4-6ED566801647}.Debug|Any CPU.ActiveCfg = Debug|Any CPU
		{403F9B0A-B7C6-4942-8BC4-6ED566801647}.Debug|Any CPU.Build.0 = Debug|Any CPU
		{403F9B0A-B7C6-4942-8BC4-6ED566801647}.Release|Any CPU.ActiveCfg = Release|Any CPU
		{403F9B0A-B7C6-4942-8BC4-6ED566801647}.Release|Any CPU.Build.0 = Release|Any CPU
	EndGlobalSection
EndGlobal
