
Microsoft Visual Studio Solution File, Format Version 12.00
Project("{FAE04EC0-301F-11D3-BF4B-00C04F79EFBC}") = "streams_lab7", "streams_lab7\streams_lab7.csproj", "{7715E046-2B60-49B1-BA6F-4025A420AF4F}"
EndProject
Global
	GlobalSection(SolutionConfigurationPlatforms) = preSolution
		Debug|Any CPU = Debug|Any CPU
		Release|Any CPU = Release|Any CPU
	EndGlobalSection
	GlobalSection(ProjectConfigurationPlatforms) = postSolution
		{7715E046-2B60-49B1-BA6F-4025A420AF4F}.Debug|Any CPU.ActiveCfg = Debug|Any CPU
		{7715E046-2B60-49B1-BA6F-4025A420AF4F}.Debug|Any CPU.Build.0 = Debug|Any CPU
		{7715E046-2B60-49B1-BA6F-4025A420AF4F}.Release|Any CPU.ActiveCfg = Release|Any CPU
		{7715E046-2B60-49B1-BA6F-4025A420AF4F}.Release|Any CPU.Build.0 = Release|Any CPU
	EndGlobalSection
EndGlobal
